version = 1
revision = 1
requires-python = ">=3.9, <4"
resolution-markers = [
    "python_full_version >= '3.10'",
    "python_full_version < '3.10'",
]

[[package]]
name = "tree-sitter"
version = "0.23.2"
source = { registry = "https://pypi.org/simple" }
resolution-markers = [
    "python_full_version < '3.10'",
]
sdist = { url = "https://files.pythonhosted.org/packages/0f/50/fd5fafa42b884f741b28d9e6fd366c3f34e15d2ed3aa9633b34e388379e2/tree-sitter-0.23.2.tar.gz", hash = "sha256:66bae8dd47f1fed7bdef816115146d3a41c39b5c482d7bad36d9ba1def088450", size = 166800 }
wheels = [
    { url = "https://files.pythonhosted.org/packages/91/04/2068a7b725265ecfcbf63ecdae038f1d4124ebccd55b8a7ce145b70e2b6a/tree_sitter-0.23.2-cp310-cp310-macosx_10_9_x86_64.whl", hash = "sha256:3a937f5d8727bc1c74c4bf2a9d1c25ace049e8628273016ad0d45914ae904e10", size = 139289 },
    { url = "https://files.pythonhosted.org/packages/a8/07/a5b943121f674fe1ac77694a698e71ce95353830c1f3f4ce45da7ef3e406/tree_sitter-0.23.2-cp310-cp310-macosx_11_0_arm64.whl", hash = "sha256:2c7eae7fe2af215645a38660d2d57d257a4c461fe3ec827cca99a79478284e80", size = 132379 },
    { url = "https://files.pythonhosted.org/packages/d4/96/fcc72c33d464a2d722db1e95b74a53ced771a47b3cfde60aced29764a783/tree_sitter-0.23.2-cp310-cp310-manylinux_2_17_aarch64.manylinux2014_aarch64.whl", hash = "sha256:3a71d607595270b6870eaf778a1032d146b2aa79bfcfa60f57a82a7b7584a4c7", size = 552884 },
    { url = "https://files.pythonhosted.org/packages/d0/af/b0e787a52767155b4643a55d6de03c1e4ae77abb61e1dc1629ad983e0a40/tree_sitter-0.23.2-cp310-cp310-manylinux_2_17_x86_64.manylinux2014_x86_64.whl", hash = "sha256:6fe9b9ea7a0aa23b52fd97354da95d1b2580065bc12a4ac868f9164a127211d6", size = 566561 },
    { url = "https://files.pythonhosted.org/packages/65/fd/05e966b5317b1c6679c071c5b0203f28af9d26c9363700cb9682e1bcf343/tree_sitter-0.23.2-cp310-cp310-musllinux_1_2_aarch64.whl", hash = "sha256:d74d00a8021719eae14d10d1b1e28649e15d8b958c01c2b2c3dad7a2ebc4dbae", size = 558273 },
    { url = "https://files.pythonhosted.org/packages/60/bc/19145efdf3f47711aa3f1bf06f0b50593f97f1108550d38694841fd97b7c/tree_sitter-0.23.2-cp310-cp310-musllinux_1_2_x86_64.whl", hash = "sha256:6de18d8d8a7f67ab71f472d1fcb01cc506e080cbb5e13d52929e4b6fdce6bbee", size = 569176 },
    { url = "https://files.pythonhosted.org/packages/32/08/3553d8e488ae9284a0762effafb7d2639a306e184963b7f99853923084d6/tree_sitter-0.23.2-cp310-cp310-win_amd64.whl", hash = "sha256:12b60dca70d2282af942b650a6d781be487485454668c7c956338a367b98cdee", size = 117902 },
    { url = "https://files.pythonhosted.org/packages/1d/39/836fa485e985c33e8aa1cc3abbf7a84be1c2c382e69547a765631fdd7ce3/tree_sitter-0.23.2-cp310-cp310-win_arm64.whl", hash = "sha256:3346a4dd0447a42aabb863443b0fd8c92b909baf40ed2344fae4b94b625d5955", size = 102644 },
    { url = "https://files.pythonhosted.org/packages/55/8d/2d4fb04408772be0919441d66f700673ce7cb76b9ab6682e226d740fb88d/tree_sitter-0.23.2-cp311-cp311-macosx_10_9_x86_64.whl", hash = "sha256:91fda41d4f8824335cc43c64e2c37d8089c8c563bd3900a512d2852d075af719", size = 139142 },
    { url = "https://files.pythonhosted.org/packages/32/52/b8a44bfff7b0203256e5dbc8d3a372ee8896128b8ed7d3a89e1ef17b2065/tree_sitter-0.23.2-cp311-cp311-macosx_11_0_arm64.whl", hash = "sha256:92b2b489d5ce54b41f94c6f23fbaf592bd6e84dc2877048fd1cb060480fa53f7", size = 132198 },
    { url = "https://files.pythonhosted.org/packages/5d/54/746f2ee5acf6191a4a0be7f5843329f0d713bfe5196f5fc6fe2ea69cb44c/tree_sitter-0.23.2-cp311-cp311-manylinux_2_17_aarch64.manylinux2014_aarch64.whl", hash = "sha256:64859bd4aa1567d0d6016a811b2b49c59d4a4427d096e3d8c84b2521455f62b7", size = 554303 },
    { url = "https://files.pythonhosted.org/packages/2f/5a/3169d9933be813776a9b4b3f2e671d3d50fa27e589dee5578f6ecef7ff6d/tree_sitter-0.23.2-cp311-cp311-manylinux_2_17_x86_64.manylinux2014_x86_64.whl", hash = "sha256:614590611636044e071d3a0b748046d52676dbda3bc9fa431216231e11dd98f7", size = 567626 },
    { url = "https://files.pythonhosted.org/packages/32/0d/23f363b3b0bc3fa0e7a4a294bf119957ac1ab02737d57815e1e8b7b3e196/tree_sitter-0.23.2-cp311-cp311-musllinux_1_2_aarch64.whl", hash = "sha256:08466953c78ae57be61057188fb88c89791b0a562856010228e0ccf60e2ac453", size = 559803 },
    { url = "https://files.pythonhosted.org/packages/6f/b3/1ffba0f17a7ff2c9114d91a1ecc15e0748f217817797564d31fbb61d7458/tree_sitter-0.23.2-cp311-cp311-musllinux_1_2_x86_64.whl", hash = "sha256:8a33f03a562de91f7fd05eefcedd8994a06cd44c62f7aabace811ad82bc11cbd", size = 570987 },
    { url = "https://files.pythonhosted.org/packages/59/4b/085bcb8a11ea18003aacc4dbc91c301d1536c5e2deedb95393e8ef26f1f7/tree_sitter-0.23.2-cp311-cp311-win_amd64.whl", hash = "sha256:03b70296b569ef64f7b92b42ca5da9bf86d81bee2afd480bea35092687f51dae", size = 117771 },
    { url = "https://files.pythonhosted.org/packages/4b/e5/90adc4081f49ccb6bea89a800dc9b0dcc5b6953b0da423e8eff28f63fddf/tree_sitter-0.23.2-cp311-cp311-win_arm64.whl", hash = "sha256:7cb4bb953ea7c0b50eeafc4454783e030357179d2a93c3dd5ebed2da5588ddd0", size = 102555 },
    { url = "https://files.pythonhosted.org/packages/07/a7/57e0fe87b49a78c670a7b4483f70e44c000c65c29b138001096b22e7dd87/tree_sitter-0.23.2-cp312-cp312-macosx_10_13_x86_64.whl", hash = "sha256:a014498b6a9e6003fae8c6eb72f5927d62da9dcb72b28b3ce8cd15c6ff6a6572", size = 139259 },
    { url = "https://files.pythonhosted.org/packages/b4/b9/bc8513d818ffb54993a017a36c8739300bc5739a13677acf90b54995e7db/tree_sitter-0.23.2-cp312-cp312-macosx_11_0_arm64.whl", hash = "sha256:04f8699b131d4bcbe3805c37e4ef3d159ee9a82a0e700587625623999ba0ea53", size = 131951 },
    { url = "https://files.pythonhosted.org/packages/d7/6a/eab01bb6b1ce3c9acf16d72922ffc29a904af485eb3e60baf3a3e04edd30/tree_sitter-0.23.2-cp312-cp312-manylinux_2_17_aarch64.manylinux2014_aarch64.whl", hash = "sha256:4471577df285059c71686ecb208bc50fb472099b38dcc8e849b0e86652891e87", size = 557952 },
    { url = "https://files.pythonhosted.org/packages/bd/95/f2f73332623cf63200d57800f85273170bc5f99d28ea3f234afd5b0048df/tree_sitter-0.23.2-cp312-cp312-manylinux_2_17_x86_64.manylinux2014_x86_64.whl", hash = "sha256:f342c925290dd4e20ecd5787ef7ae8749981597ab364783a1eb73173efe65226", size = 571199 },
    { url = "https://files.pythonhosted.org/packages/04/ac/bd6e6cfdd0421156e86f5c93848629af1c7323083077e1a95b27d32d5811/tree_sitter-0.23.2-cp312-cp312-musllinux_1_2_aarch64.whl", hash = "sha256:a4e9e53d07dd076bede72e4f7d3a0173d7b9ad6576572dd86da008a740a9bb22", size = 562129 },
    { url = "https://files.pythonhosted.org/packages/7b/bd/8a9edcbcf8a76b0bf58e3b927ed291e3598e063d56667367762833cc8709/tree_sitter-0.23.2-cp312-cp312-musllinux_1_2_x86_64.whl", hash = "sha256:8caebe65bc358759dac2500d8f8feed3aed939c4ade9a684a1783fe07bc7d5db", size = 574307 },
    { url = "https://files.pythonhosted.org/packages/0c/c2/3fb2c6c0ae2f59a7411dc6d3e7945e3cb6f34c8552688708acc8b2b13f83/tree_sitter-0.23.2-cp312-cp312-win_amd64.whl", hash = "sha256:fc5a72eb50d43485000dbbb309acb350467b7467e66dc747c6bb82ce63041582", size = 117858 },
    { url = "https://files.pythonhosted.org/packages/e2/18/4ca2c0f4a0c802ebcb3a92264cc436f1d54b394fa24dfa76bf57cdeaca9e/tree_sitter-0.23.2-cp312-cp312-win_arm64.whl", hash = "sha256:a0320eb6c7993359c5f7b371d22719ccd273f440d41cf1bd65dac5e9587f2046", size = 102496 },
    { url = "https://files.pythonhosted.org/packages/ba/c6/4ead9ce3113a7c27f37a2bdef163c09757efbaa85adbdfe7b3fbf0317c57/tree_sitter-0.23.2-cp313-cp313-macosx_10_13_x86_64.whl", hash = "sha256:eff630dddee7ba05accb439b17e559e15ce13f057297007c246237ceb6306332", size = 139266 },
    { url = "https://files.pythonhosted.org/packages/76/c9/b4197c5b0c1d6ba648202a547846ac910a53163b69a459504b2aa6cdb76e/tree_sitter-0.23.2-cp313-cp313-macosx_11_0_arm64.whl", hash = "sha256:4780ba8f3894f2dea869fad2995c2aceab3fd5ab9e6a27c45475d2acd7f7e84e", size = 131959 },
    { url = "https://files.pythonhosted.org/packages/99/94/0f7c5580d2adff3b57d36f1998725b0caf6cf1af50ceafc00c6cdbc2fef6/tree_sitter-0.23.2-cp313-cp313-manylinux_2_17_aarch64.manylinux2014_aarch64.whl", hash = "sha256:f0b609460b8e3e256361fb12e94fae5b728cb835b16f0f9d590b5aadbf9d109b", size = 557582 },
    { url = "https://files.pythonhosted.org/packages/97/8a/f73ff06959d43fd47fc283cbcc4d8efa6550b2cc431d852b184504992447/tree_sitter-0.23.2-cp313-cp313-manylinux_2_17_x86_64.manylinux2014_x86_64.whl", hash = "sha256:78d070d8eaeaeb36cf535f55e5578fddbfc3bf53c1980f58bf1a99d57466b3b5", size = 570891 },
    { url = "https://files.pythonhosted.org/packages/b8/86/bbda5ad09b88051ff7bf3275622a2f79bc4f728b4c283ff8b93b8fcdf36d/tree_sitter-0.23.2-cp313-cp313-musllinux_1_2_aarch64.whl", hash = "sha256:878580b2ad5054c410ba3418edca4d34c81cc26706114d8f5b5541688bc2d785", size = 562343 },
    { url = "https://files.pythonhosted.org/packages/ca/55/b404fa49cb5c2926ad6fe1cac033dd486ef69f1afeb7828452d21e1e05c1/tree_sitter-0.23.2-cp313-cp313-musllinux_1_2_x86_64.whl", hash = "sha256:29224bdc2a3b9af535b7725e249d3ee291b2e90708e82832e73acc175e40dc48", size = 574407 },
    { url = "https://files.pythonhosted.org/packages/c2/c8/eea2104443ab973091107ef3e730683bd8e6cb51dd025cef853d3fff9dae/tree_sitter-0.23.2-cp313-cp313-win_amd64.whl", hash = "sha256:c58d89348162fbc3aea1fe6511a66ee189fc0e4e4bbe937026f29e4ecef17763", size = 117854 },
    { url = "https://files.pythonhosted.org/packages/89/4d/1728d9ce32a1d851081911b7e47830f5e740431f2bb920f54bb8c26175bc/tree_sitter-0.23.2-cp313-cp313-win_arm64.whl", hash = "sha256:0ff2037be5edab7801de3f6a721b9cf010853f612e2008ee454e0e0badb225a6", size = 102492 },
    { url = "https://files.pythonhosted.org/packages/cb/ab/b39173a47d498cc6276e303c865f4a222134ceae890bd3c1b29427489805/tree_sitter-0.23.2-cp39-cp39-macosx_10_9_x86_64.whl", hash = "sha256:a5db8e585205faef8bf219da77d8993e2ef04d08eda2e3c8ad7e4df8297ee344", size = 139550 },
    { url = "https://files.pythonhosted.org/packages/4c/34/fa8f5b862dd7a6014fd5578810178e8f7601830cabb6d65d2aba050c2df1/tree_sitter-0.23.2-cp39-cp39-macosx_11_0_arm64.whl", hash = "sha256:9dbd110a30cf28be5da734ae4cd0e9031768228dbf6a79f2973962aa51de4ec7", size = 132686 },
    { url = "https://files.pythonhosted.org/packages/98/b9/ccdddf35705fc23395caa71557f767e0753d38afe4b5bb99efddbf62bb22/tree_sitter-0.23.2-cp39-cp39-manylinux_2_17_aarch64.manylinux2014_aarch64.whl", hash = "sha256:569514b9a996a0fd458b3a891c46ca125298be0c03cf82f2b6f0c13d5d8f25dc", size = 554958 },
    { url = "https://files.pythonhosted.org/packages/8d/ba/20ae9079bdfc5cfac28b39d945a6c354c8e1385e73aec8142db6c53b635c/tree_sitter-0.23.2-cp39-cp39-manylinux_2_17_x86_64.manylinux2014_x86_64.whl", hash = "sha256:a357ed98a74e47787b812df99a74a2c35c0fe11e55c2095cc01d1cad144ef552", size = 568162 },
    { url = "https://files.pythonhosted.org/packages/40/00/b16bf6cf88c47c1b6c8e1cce1eb9e90badb5db9e5252ae0970d858d02592/tree_sitter-0.23.2-cp39-cp39-musllinux_1_2_aarch64.whl", hash = "sha256:c2dfb8e8f760f4cc67888d03ef9e2dbd3353245f67f5efba375c2a14d944ac0e", size = 560278 },
    { url = "https://files.pythonhosted.org/packages/7a/8f/27ab9b96cc0261af78b080ec8a9846a38e216360ec38774ea27eba35bd3c/tree_sitter-0.23.2-cp39-cp39-musllinux_1_2_x86_64.whl", hash = "sha256:3ead958df87a21d706903987e665e9e0e5df7b2c5021ff69ea349826840adc6a", size = 571255 },
    { url = "https://files.pythonhosted.org/packages/44/e0/95a3d66a7e5bb229574484ab10c6dc99d1c7a32972b890d194076e30dc4f/tree_sitter-0.23.2-cp39-cp39-win_amd64.whl", hash = "sha256:611cae16be332213c0e6ece72c0bfca202e30ff320a8b309b1526c6cb79ee4ba", size = 118232 },
    { url = "https://files.pythonhosted.org/packages/10/b5/9eaf794fc71490573ab14a366affca415bc1ddbf86a14d78e54583db4254/tree_sitter-0.23.2-cp39-cp39-win_arm64.whl", hash = "sha256:b848e0fdd522fbb8888cdb4f4d93f8fad97ae10d70c122fb922e51363c7febcd", size = 102787 },
]

[[package]]
name = "tree-sitter"
version = "0.24.0"
source = { registry = "https://pypi.org/simple" }
resolution-markers = [
    "python_full_version >= '3.10'",
]
sdist = { url = "https://files.pythonhosted.org/packages/a7/a2/698b9d31d08ad5558f8bfbfe3a0781bd4b1f284e89bde3ad18e05101a892/tree-sitter-0.24.0.tar.gz", hash = "sha256:abd95af65ca2f4f7eca356343391ed669e764f37748b5352946f00f7fc78e734", size = 168304 }
wheels = [
    { url = "https://files.pythonhosted.org/packages/08/9a/bd627a02e41671af73222316e1fcf87772c7804dc2fba99405275eb1f3eb/tree_sitter-0.24.0-cp310-cp310-macosx_10_9_x86_64.whl", hash = "sha256:f3f00feff1fc47a8e4863561b8da8f5e023d382dd31ed3e43cd11d4cae445445", size = 140890 },
    { url = "https://files.pythonhosted.org/packages/5b/9b/b1ccfb187f8be78e2116176a091a2f2abfd043a06d78f80c97c97f315b37/tree_sitter-0.24.0-cp310-cp310-macosx_11_0_arm64.whl", hash = "sha256:f9691be48d98c49ef8f498460278884c666b44129222ed6217477dffad5d4831", size = 134413 },
    { url = "https://files.pythonhosted.org/packages/01/39/e25b0042a049eb27e991133a7aa7c49bb8e49a8a7b44ca34e7e6353ba7ac/tree_sitter-0.24.0-cp310-cp310-manylinux_2_17_aarch64.manylinux2014_aarch64.whl", hash = "sha256:098a81df9f89cf254d92c1cd0660a838593f85d7505b28249216661d87adde4a", size = 560427 },
    { url = "https://files.pythonhosted.org/packages/1c/59/4d132f1388da5242151b90acf32cc56af779bfba063923699ab28b276b62/tree_sitter-0.24.0-cp310-cp310-manylinux_2_17_x86_64.manylinux2014_x86_64.whl", hash = "sha256:0b26bf9e958da6eb7e74a081aab9d9c7d05f9baeaa830dbb67481898fd16f1f5", size = 574327 },
    { url = "https://files.pythonhosted.org/packages/ec/97/3914e45ab9e0ff0f157e493caa91791372508488b97ff0961a0640a37d25/tree_sitter-0.24.0-cp310-cp310-musllinux_1_2_x86_64.whl", hash = "sha256:2a84ff87a2f2a008867a1064aba510ab3bd608e3e0cd6e8fef0379efee266c73", size = 577171 },
    { url = "https://files.pythonhosted.org/packages/c5/b0/266a529c3eef171137b73cde8ad7aa282734354609a8b2f5564428e8f12d/tree_sitter-0.24.0-cp310-cp310-win_amd64.whl", hash = "sha256:c012e4c345c57a95d92ab5a890c637aaa51ab3b7ff25ed7069834b1087361c95", size = 120260 },
    { url = "https://files.pythonhosted.org/packages/c1/c3/07bfaa345e0037ff75d98b7a643cf940146e4092a1fd54eed0359836be03/tree_sitter-0.24.0-cp310-cp310-win_arm64.whl", hash = "sha256:033506c1bc2ba7bd559b23a6bdbeaf1127cee3c68a094b82396718596dfe98bc", size = 108416 },
    { url = "https://files.pythonhosted.org/packages/66/08/82aaf7cbea7286ee2a0b43e9b75cb93ac6ac132991b7d3c26ebe5e5235a3/tree_sitter-0.24.0-cp311-cp311-macosx_10_9_x86_64.whl", hash = "sha256:de0fb7c18c6068cacff46250c0a0473e8fc74d673e3e86555f131c2c1346fb13", size = 140733 },
    { url = "https://files.pythonhosted.org/packages/8c/bd/1a84574911c40734d80327495e6e218e8f17ef318dd62bb66b55c1e969f5/tree_sitter-0.24.0-cp311-cp311-macosx_11_0_arm64.whl", hash = "sha256:a7c9c89666dea2ce2b2bf98e75f429d2876c569fab966afefdcd71974c6d8538", size = 134243 },
    { url = "https://files.pythonhosted.org/packages/46/c1/c2037af2c44996d7bde84eb1c9e42308cc84b547dd6da7f8a8bea33007e1/tree_sitter-0.24.0-cp311-cp311-manylinux_2_17_aarch64.manylinux2014_aarch64.whl", hash = "sha256:4ddb113e6b8b3e3b199695b1492a47d87d06c538e63050823d90ef13cac585fd", size = 562030 },
    { url = "https://files.pythonhosted.org/packages/4c/aa/2fb4d81886df958e6ec7e370895f7106d46d0bbdcc531768326124dc8972/tree_sitter-0.24.0-cp311-cp311-manylinux_2_17_x86_64.manylinux2014_x86_64.whl", hash = "sha256:01ea01a7003b88b92f7f875da6ba9d5d741e0c84bb1bd92c503c0eecd0ee6409", size = 575585 },
    { url = "https://files.pythonhosted.org/packages/e3/3c/5f997ce34c0d1b744e0f0c0757113bdfc173a2e3dadda92c751685cfcbd1/tree_sitter-0.24.0-cp311-cp311-musllinux_1_2_x86_64.whl", hash = "sha256:464fa5b2cac63608915a9de8a6efd67a4da1929e603ea86abaeae2cb1fe89921", size = 578203 },
    { url = "https://files.pythonhosted.org/packages/d5/1f/f2bc7fa7c3081653ea4f2639e06ff0af4616c47105dbcc0746137da7620d/tree_sitter-0.24.0-cp311-cp311-win_amd64.whl", hash = "sha256:3b1f3cbd9700e1fba0be2e7d801527e37c49fc02dc140714669144ef6ab58dce", size = 120147 },
    { url = "https://files.pythonhosted.org/packages/c0/4c/9add771772c4d72a328e656367ca948e389432548696a3819b69cdd6f41e/tree_sitter-0.24.0-cp311-cp311-win_arm64.whl", hash = "sha256:f3f08a2ca9f600b3758792ba2406971665ffbad810847398d180c48cee174ee2", size = 108302 },
    { url = "https://files.pythonhosted.org/packages/e9/57/3a590f287b5aa60c07d5545953912be3d252481bf5e178f750db75572bff/tree_sitter-0.24.0-cp312-cp312-macosx_10_13_x86_64.whl", hash = "sha256:14beeff5f11e223c37be7d5d119819880601a80d0399abe8c738ae2288804afc", size = 140788 },
    { url = "https://files.pythonhosted.org/packages/61/0b/fc289e0cba7dbe77c6655a4dd949cd23c663fd62a8b4d8f02f97e28d7fe5/tree_sitter-0.24.0-cp312-cp312-macosx_11_0_arm64.whl", hash = "sha256:26a5b130f70d5925d67b47db314da209063664585a2fd36fa69e0717738efaf4", size = 133945 },
    { url = "https://files.pythonhosted.org/packages/86/d7/80767238308a137e0b5b5c947aa243e3c1e3e430e6d0d5ae94b9a9ffd1a2/tree_sitter-0.24.0-cp312-cp312-manylinux_2_17_aarch64.manylinux2014_aarch64.whl", hash = "sha256:5fc5c3c26d83c9d0ecb4fc4304fba35f034b7761d35286b936c1db1217558b4e", size = 564819 },
    { url = "https://files.pythonhosted.org/packages/bf/b3/6c5574f4b937b836601f5fb556b24804b0a6341f2eb42f40c0e6464339f4/tree_sitter-0.24.0-cp312-cp312-manylinux_2_17_x86_64.manylinux2014_x86_64.whl", hash = "sha256:772e1bd8c0931c866b848d0369b32218ac97c24b04790ec4b0e409901945dd8e", size = 579303 },
    { url = "https://files.pythonhosted.org/packages/0a/f4/bd0ddf9abe242ea67cca18a64810f8af230fc1ea74b28bb702e838ccd874/tree_sitter-0.24.0-cp312-cp312-musllinux_1_2_x86_64.whl", hash = "sha256:24a8dd03b0d6b8812425f3b84d2f4763322684e38baf74e5bb766128b5633dc7", size = 581054 },
    { url = "https://files.pythonhosted.org/packages/8c/1c/ff23fa4931b6ef1bbeac461b904ca7e49eaec7e7e5398584e3eef836ec96/tree_sitter-0.24.0-cp312-cp312-win_amd64.whl", hash = "sha256:f9e8b1605ab60ed43803100f067eed71b0b0e6c1fb9860a262727dbfbbb74751", size = 120221 },
    { url = "https://files.pythonhosted.org/packages/b2/2a/9979c626f303177b7612a802237d0533155bf1e425ff6f73cc40f25453e2/tree_sitter-0.24.0-cp312-cp312-win_arm64.whl", hash = "sha256:f733a83d8355fc95561582b66bbea92ffd365c5d7a665bc9ebd25e049c2b2abb", size = 108234 },
    { url = "https://files.pythonhosted.org/packages/61/cd/2348339c85803330ce38cee1c6cbbfa78a656b34ff58606ebaf5c9e83bd0/tree_sitter-0.24.0-cp313-cp313-macosx_10_13_x86_64.whl", hash = "sha256:0d4a6416ed421c4210f0ca405a4834d5ccfbb8ad6692d4d74f7773ef68f92071", size = 140781 },
    { url = "https://files.pythonhosted.org/packages/8b/a3/1ea9d8b64e8dcfcc0051028a9c84a630301290995cd6e947bf88267ef7b1/tree_sitter-0.24.0-cp313-cp313-macosx_11_0_arm64.whl", hash = "sha256:e0992d483677e71d5c5d37f30dfb2e3afec2f932a9c53eec4fca13869b788c6c", size = 133928 },
    { url = "https://files.pythonhosted.org/packages/fe/ae/55c1055609c9428a4aedf4b164400ab9adb0b1bf1538b51f4b3748a6c983/tree_sitter-0.24.0-cp313-cp313-manylinux_2_17_aarch64.manylinux2014_aarch64.whl", hash = "sha256:57277a12fbcefb1c8b206186068d456c600dbfbc3fd6c76968ee22614c5cd5ad", size = 564497 },
    { url = "https://files.pythonhosted.org/packages/ce/d0/f2ffcd04882c5aa28d205a787353130cbf84b2b8a977fd211bdc3b399ae3/tree_sitter-0.24.0-cp313-cp313-manylinux_2_17_x86_64.manylinux2014_x86_64.whl", hash = "sha256:d25fa22766d63f73716c6fec1a31ee5cf904aa429484256bd5fdf5259051ed74", size = 578917 },
    { url = "https://files.pythonhosted.org/packages/af/82/aebe78ea23a2b3a79324993d4915f3093ad1af43d7c2208ee90be9273273/tree_sitter-0.24.0-cp313-cp313-musllinux_1_2_x86_64.whl", hash = "sha256:7d5d9537507e1c8c5fa9935b34f320bfec4114d675e028f3ad94f11cf9db37b9", size = 581148 },
    { url = "https://files.pythonhosted.org/packages/a1/b4/6b0291a590c2b0417cfdb64ccb8ea242f270a46ed429c641fbc2bfab77e0/tree_sitter-0.24.0-cp313-cp313-win_amd64.whl", hash = "sha256:f58bb4956917715ec4d5a28681829a8dad5c342cafd4aea269f9132a83ca9b34", size = 120207 },
    { url = "https://files.pythonhosted.org/packages/a8/18/542fd844b75272630229c9939b03f7db232c71a9d82aadc59c596319ea6a/tree_sitter-0.24.0-cp313-cp313-win_arm64.whl", hash = "sha256:23641bd25dcd4bb0b6fa91b8fb3f46cc9f1c9f475efe4d536d3f1f688d1b84c8", size = 108232 },
]

[[package]]
name = "tree-sitter-rql"
version = "0.1.0"
source = { editable = "." }

[package.optional-dependencies]
core = [
    { name = "tree-sitter", version = "0.23.2", source = { registry = "https://pypi.org/simple" }, marker = "python_full_version < '3.10'" },
    { name = "tree-sitter", version = "0.24.0", source = { registry = "https://pypi.org/simple" }, marker = "python_full_version >= '3.10'" },
]

[package.metadata]
requires-dist = [{ name = "tree-sitter", marker = "extra == 'core'", specifier = "~=0.22" }]
provides-extras = ["core"]
